
Microsoft Visual Studio Solution File, Format Version 12.00
# Visual Studio 15
VisualStudioVersion = 15.0.27428.2015
MinimumVisualStudioVersion = 10.0.40219.1
Project("{2150E333-8FDC-42A3-9474-1A3956D46DE8}") = "Apps", "Apps", "{F6025F4F-E19D-4B93-8C29-B8927E0CAA2D}"
EndProject
Project("{2150E333-8FDC-42A3-9474-1A3956D46DE8}") = "Services", "Services", "{34EB9304-4CD6-472D-92F0-0917979F89E5}"
EndProject
Project("{2150E333-8FDC-42A3-9474-1A3956D46DE8}") = "BuildingBlocks", "BuildingBlocks", "{4C418133-D3A3-4770-B3B7-FA22E027416B}"
EndProject
Project("{2150E333-8FDC-42A3-9474-1A3956D46DE8}") = "EventBus", "EventBus", "{44951E0F-D57F-45E4-95B6-15BECDFA44D2}"
EndProject
Project("{2150E333-8FDC-42A3-9474-1A3956D46DE8}") = "FleetManager", "FleetManager", "{1057B4AB-98CB-4C93-A449-455544FC6994}"
EndProject
Project("{2150E333-8FDC-42A3-9474-1A3956D46DE8}") = "VehicleTracker", "VehicleTracker", "{023173B4-29F8-4C2D-968E-8A772F516ABB}"
EndProject
Project("{2150E333-8FDC-42A3-9474-1A3956D46DE8}") = "Core", "Core", "{DA77CCAC-AC95-40AF-B758-24768A466295}"
EndProject
Project("{9A19103F-16F7-4668-BE54-9A1E7A4F7556}") = "FleetManager.DTO", "FleetManager.Entites\FleetManager.DTO.csproj", "{5EA3AB38-0439-4617-8DC2-B2AD54DFEB90}"
EndProject
Project("{9A19103F-16F7-4668-BE54-9A1E7A4F7556}") = "Core.DbEntites", "Core.Entites\Core.DbEntites.csproj", "{AEA43603-C229-4D01-BE5B-E78AA0092BA6}"
EndProject
Project("{9A19103F-16F7-4668-BE54-9A1E7A4F7556}") = "FleetManager.API", "FleetManager.API\FleetManager.API.csproj", "{AFB5FB94-F7D7-430A-A324-EF00738D1F91}"
EndProject
Project("{E53339B2-1760-4266-BCC7-CA923CBCF16C}") = "docker-compose", "docker-compose.dcproj", "{DCF8330B-36A2-4CC2-96C1-E1CCE3A74945}"
EndProject
Project("{9A19103F-16F7-4668-BE54-9A1E7A4F7556}") = "VehicleTracker.DTO", "VehicleTracker.Entites\VehicleTracker.DTO.csproj", "{DAC71697-1B79-4618-8A91-97223D1A863A}"
EndProject
Project("{9A19103F-16F7-4668-BE54-9A1E7A4F7556}") = "VehicleTracker.API", "VehicleTracker.API\VehicleTracker.API.csproj", "{983A5142-6CDE-4EE9-A3D8-6A132F2CE1AF}"
EndProject
Project("{2150E333-8FDC-42A3-9474-1A3956D46DE8}") = "VehicleBot", "VehicleBot", "{9F569E78-072F-48A0-8F35-816DBA485061}"
EndProject
Project("{9A19103F-16F7-4668-BE54-9A1E7A4F7556}") = "StatusGenerator", "StatusGenerator\StatusGenerator.csproj", "{9F6267B6-42B4-4743-A84E-CB66C8901208}"
EndProject
Project("{9A19103F-16F7-4668-BE54-9A1E7A4F7556}") = "Apps.SPA", "Apps.SPA\Apps.SPA.csproj", "{97F699FA-F42D-4854-94CC-AE0CED9580EB}"
EndProject
Project("{FAE04EC0-301F-11D3-BF4B-00C04F79EFBC}") = "VehicleTracker.BusinessModel", "..\VehicleTracker.BusinessModel\VehicleTracker.BusinessModel.csproj", "{88396465-5DC2-46D4-89AE-E2045651187C}"
EndProject
Global
	GlobalSection(SolutionConfigurationPlatforms) = preSolution
		Debug|Any CPU = Debug|Any CPU
		Release|Any CPU = Release|Any CPU
	EndGlobalSection
	GlobalSection(ProjectConfigurationPlatforms) = postSolution
		{5EA3AB38-0439-4617-8DC2-B2AD54DFEB90}.Debug|Any CPU.ActiveCfg = Debug|Any CPU
		{5EA3AB38-0439-4617-8DC2-B2AD54DFEB90}.Debug|Any CPU.Build.0 = Debug|Any CPU
		{5EA3AB38-0439-4617-8DC2-B2AD54DFEB90}.Release|Any CPU.ActiveCfg = Release|Any CPU
		{5EA3AB38-0439-4617-8DC2-B2AD54DFEB90}.Release|Any CPU.Build.0 = Release|Any CPU
		{AEA43603-C229-4D01-BE5B-E78AA0092BA6}.Debug|Any CPU.ActiveCfg = Debug|Any CPU
		{AEA43603-C229-4D01-BE5B-E78AA0092BA6}.Debug|Any CPU.Build.0 = Debug|Any CPU
		{AEA43603-C229-4D01-BE5B-E78AA0092BA6}.Release|Any CPU.ActiveCfg = Release|Any CPU
		{AEA43603-C229-4D01-BE5B-E78AA0092BA6}.Release|Any CPU.Build.0 = Release|Any CPU
		{AFB5FB94-F7D7-430A-A324-EF00738D1F91}.Debug|Any CPU.ActiveCfg = Debug|Any CPU
		{AFB5FB94-F7D7-430A-A324-EF00738D1F91}.Debug|Any CPU.Build.0 = Debug|Any CPU
		{AFB5FB94-F7D7-430A-A324-EF00738D1F91}.Release|Any CPU.ActiveCfg = Release|Any CPU
		{AFB5FB94-F7D7-430A-A324-EF00738D1F91}.Release|Any CPU.Build.0 = Release|Any CPU
		{DCF8330B-36A2-4CC2-96C1-E1CCE3A74945}.Debug|Any CPU.ActiveCfg = Debug|Any CPU
		{DCF8330B-36A2-4CC2-96C1-E1CCE3A74945}.Debug|Any CPU.Build.0 = Debug|Any CPU
		{DCF8330B-36A2-4CC2-96C1-E1CCE3A74945}.Release|Any CPU.ActiveCfg = Release|Any CPU
		{DCF8330B-36A2-4CC2-96C1-E1CCE3A74945}.Release|Any CPU.Build.0 = Release|Any CPU
		{DAC71697-1B79-4618-8A91-97223D1A863A}.Debug|Any CPU.ActiveCfg = Debug|Any CPU
		{DAC71697-1B79-4618-8A91-97223D1A863A}.Debug|Any CPU.Build.0 = Debug|Any CPU
		{DAC71697-1B79-4618-8A91-97223D1A863A}.Release|Any CPU.ActiveCfg = Release|Any CPU
		{DAC71697-1B79-4618-8A91-97223D1A863A}.Release|Any CPU.Build.0 = Release|Any CPU
		{983A5142-6CDE-4EE9-A3D8-6A132F2CE1AF}.Debug|Any CPU.ActiveCfg = Debug|Any CPU
		{983A5142-6CDE-4EE9-A3D8-6A132F2CE1AF}.Debug|Any CPU.Build.0 = Debug|Any CPU
		{983A5142-6CDE-4EE9-A3D8-6A132F2CE1AF}.Release|Any CPU.ActiveCfg = Release|Any CPU
		{983A5142-6CDE-4EE9-A3D8-6A132F2CE1AF}.Release|Any CPU.Build.0 = Release|Any CPU
		{9F6267B6-42B4-4743-A84E-CB66C8901208}.Debug|Any CPU.ActiveCfg = Debug|Any CPU
		{9F6267B6-42B4-4743-A84E-CB66C8901208}.Debug|Any CPU.Build.0 = Debug|Any CPU
		{9F6267B6-42B4-4743-A84E-CB66C8901208}.Release|Any CPU.ActiveCfg = Release|Any CPU
		{9F6267B6-42B4-4743-A84E-CB66C8901208}.Release|Any CPU.Build.0 = Release|Any CPU
		{97F699FA-F42D-4854-94CC-AE0CED9580EB}.Debug|Any CPU.ActiveCfg = Debug|Any CPU
		{97F699FA-F42D-4854-94CC-AE0CED9580EB}.Debug|Any CPU.Build.0 = Debug|Any CPU
		{97F699FA-F42D-4854-94CC-AE0CED9580EB}.Release|Any CPU.ActiveCfg = Release|Any CPU
		{97F699FA-F42D-4854-94CC-AE0CED9580EB}.Release|Any CPU.Build.0 = Release|Any CPU
		{88396465-5DC2-46D4-89AE-E2045651187C}.Debug|Any CPU.ActiveCfg = Debug|Any CPU
		{88396465-5DC2-46D4-89AE-E2045651187C}.Debug|Any CPU.Build.0 = Debug|Any CPU
		{88396465-5DC2-46D4-89AE-E2045651187C}.Release|Any CPU.ActiveCfg = Release|Any CPU
		{88396465-5DC2-46D4-89AE-E2045651187C}.Release|Any CPU.Build.0 = Release|Any CPU
	EndGlobalSection
	GlobalSection(SolutionProperties) = preSolution
		HideSolutionNode = FALSE
	EndGlobalSection
	GlobalSection(NestedProjects) = preSolution
		{44951E0F-D57F-45E4-95B6-15BECDFA44D2} = {4C418133-D3A3-4770-B3B7-FA22E027416B}
		{1057B4AB-98CB-4C93-A449-455544FC6994} = {34EB9304-4CD6-472D-92F0-0917979F89E5}
		{023173B4-29F8-4C2D-968E-8A772F516ABB} = {34EB9304-4CD6-472D-92F0-0917979F89E5}
		{5EA3AB38-0439-4617-8DC2-B2AD54DFEB90} = {1057B4AB-98CB-4C93-A449-455544FC6994}
		{AEA43603-C229-4D01-BE5B-E78AA0092BA6} = {DA77CCAC-AC95-40AF-B758-24768A466295}
		{AFB5FB94-F7D7-430A-A324-EF00738D1F91} = {1057B4AB-98CB-4C93-A449-455544FC6994}
		{DAC71697-1B79-4618-8A91-97223D1A863A} = {023173B4-29F8-4C2D-968E-8A772F516ABB}
		{983A5142-6CDE-4EE9-A3D8-6A132F2CE1AF} = {023173B4-29F8-4C2D-968E-8A772F516ABB}
		{9F569E78-072F-48A0-8F35-816DBA485061} = {34EB9304-4CD6-472D-92F0-0917979F89E5}
		{9F6267B6-42B4-4743-A84E-CB66C8901208} = {9F569E78-072F-48A0-8F35-816DBA485061}
		{97F699FA-F42D-4854-94CC-AE0CED9580EB} = {F6025F4F-E19D-4B93-8C29-B8927E0CAA2D}
		{88396465-5DC2-46D4-89AE-E2045651187C} = {023173B4-29F8-4C2D-968E-8A772F516ABB}
	EndGlobalSection
	GlobalSection(ExtensibilityGlobals) = postSolution
		SolutionGuid = {7F8664F0-938A-4DEC-B64A-C9AA7F739390}
	EndGlobalSection
EndGlobal
