
Microsoft Visual Studio Solution File, Format Version 12.00
# Visual Studio 15
VisualStudioVersion = 15.0.27428.2015
MinimumVisualStudioVersion = 10.0.40219.1
Project("{FAE04EC0-301F-11D3-BF4B-00C04F79EFBC}") = "VehiclesListingSPA", "VehiclesListingSPA\VehiclesListingSPA.csproj", "{0DFE30E6-A9AA-41A0-BB1B-9F35FBD72E67}"
EndProject
Global
	GlobalSection(SolutionConfigurationPlatforms) = preSolution
		Debug|Any CPU = Debug|Any CPU
		Release|Any CPU = Release|Any CPU
	EndGlobalSection
	GlobalSection(ProjectConfigurationPlatforms) = postSolution
		{0DFE30E6-A9AA-41A0-BB1B-9F35FBD72E67}.Debug|Any CPU.ActiveCfg = Debug|Any CPU
		{0DFE30E6-A9AA-41A0-BB1B-9F35FBD72E67}.Debug|Any CPU.Build.0 = Debug|Any CPU
		{0DFE30E6-A9AA-41A0-BB1B-9F35FBD72E67}.Release|Any CPU.ActiveCfg = Release|Any CPU
		{0DFE30E6-A9AA-41A0-BB1B-9F35FBD72E67}.Release|Any CPU.Build.0 = Release|Any CPU
	EndGlobalSection
	GlobalSection(SolutionProperties) = preSolution
		HideSolutionNode = FALSE
	EndGlobalSection
	GlobalSection(ExtensibilityGlobals) = postSolution
		SolutionGuid = {7F8664F0-938A-4DEC-B64A-C9AA7F739390}
	EndGlobalSection
EndGlobal
